
Microsoft Visual Studio Solution File, Format Version 12.00
# Visual Studio 15
VisualStudioVersion = 15.0.27130.2010
MinimumVisualStudioVersion = 10.0.40219.1
Project("{FAE04EC0-301F-11D3-BF4B-00C04F79EFBC}") = "Core.NotifyApp.Android", "Core.NotifyApp\Core.NotifyApp.Android\Core.NotifyApp.Android.csproj", "{BFB29FFD-1487-4EF1-B56E-751D40A1FA05}"
EndProject
Project("{FAE04EC0-301F-11D3-BF4B-00C04F79EFBC}") = "Core.NotifyApp.iOS", "Core.NotifyApp\Core.NotifyApp.iOS\Core.NotifyApp.iOS.csproj", "{6F883A58-E53E-44FF-A1DE-5051DAFA438E}"
EndProject
Project("{9A19103F-16F7-4668-BE54-9A1E7A4F7556}") = "Core.NotifyApp", "Core.NotifyApp\Core.NotifyApp\Core.NotifyApp.csproj", "{F4DA1753-0BDF-44D8-BBA6-C44B963836AA}"
EndProject
Project("{FAE04EC0-301F-11D3-BF4B-00C04F79EFBC}") = "Core.Models", "Core.NotifyApp\Core.Models\Core.Models.csproj", "{480A7DEE-2416-4ECC-8A91-036B6A4CD687}"
EndProject
Project("{FAE04EC0-301F-11D3-BF4B-00C04F79EFBC}") = "Core.Service.Communication", "Core.NotifyApp\Core.Service.Communication\Core.Service.Communication.csproj", "{41E4EB43-3B68-4534-8A8F-5E5506512BEE}"
EndProject
Global
	GlobalSection(SolutionConfigurationPlatforms) = preSolution
		Ad-Hoc|Any CPU = Ad-Hoc|Any CPU
		Ad-Hoc|iPhone = Ad-Hoc|iPhone
		Ad-Hoc|iPhoneSimulator = Ad-Hoc|iPhoneSimulator
		AppStore|Any CPU = AppStore|Any CPU
		AppStore|iPhone = AppStore|iPhone
		AppStore|iPhoneSimulator = AppStore|iPhoneSimulator
		Debug|Any CPU = Debug|Any CPU
		Debug|iPhone = Debug|iPhone
		Debug|iPhoneSimulator = Debug|iPhoneSimulator
		Release|Any CPU = Release|Any CPU
		Release|iPhone = Release|iPhone
		Release|iPhoneSimulator = Release|iPhoneSimulator
	EndGlobalSection
	GlobalSection(ProjectConfigurationPlatforms) = postSolution
		{BFB29FFD-1487-4EF1-B56E-751D40A1FA05}.Ad-Hoc|Any CPU.ActiveCfg = Release|Any CPU
		{BFB29FFD-1487-4EF1-B56E-751D40A1FA05}.Ad-Hoc|Any CPU.Build.0 = Release|Any CPU
		{BFB29FFD-1487-4EF1-B56E-751D40A1FA05}.Ad-Hoc|Any CPU.Deploy.0 = Release|Any CPU
		{BFB29FFD-1487-4EF1-B56E-751D40A1FA05}.Ad-Hoc|iPhone.ActiveCfg = Release|Any CPU
		{BFB29FFD-1487-4EF1-B56E-751D40A1FA05}.Ad-Hoc|iPhone.Build.0 = Release|Any CPU
		{BFB29FFD-1487-4EF1-B56E-751D40A1FA05}.Ad-Hoc|iPhone.Deploy.0 = Release|Any CPU
		{BFB29FFD-1487-4EF1-B56E-751D40A1FA05}.Ad-Hoc|iPhoneSimulator.ActiveCfg = Release|Any CPU
		{BFB29FFD-1487-4EF1-B56E-751D40A1FA05}.Ad-Hoc|iPhoneSimulator.Build.0 = Release|Any CPU
		{BFB29FFD-1487-4EF1-B56E-751D40A1FA05}.Ad-Hoc|iPhoneSimulator.Deploy.0 = Release|Any CPU
		{BFB29FFD-1487-4EF1-B56E-751D40A1FA05}.AppStore|Any CPU.ActiveCfg = Release|Any CPU
		{BFB29FFD-1487-4EF1-B56E-751D40A1FA05}.AppStore|Any CPU.Build.0 = Release|Any CPU
		{BFB29FFD-1487-4EF1-B56E-751D40A1FA05}.AppStore|Any CPU.Deploy.0 = Release|Any CPU
		{BFB29FFD-1487-4EF1-B56E-751D40A1FA05}.AppStore|iPhone.ActiveCfg = Release|Any CPU
		{BFB29FFD-1487-4EF1-B56E-751D40A1FA05}.AppStore|iPhone.Build.0 = Release|Any CPU
		{BFB29FFD-1487-4EF1-B56E-751D40A1FA05}.AppStore|iPhone.Deploy.0 = Release|Any CPU
		{BFB29FFD-1487-4EF1-B56E-751D40A1FA05}.AppStore|iPhoneSimulator.ActiveCfg = Release|Any CPU
		{BFB29FFD-1487-4EF1-B56E-751D40A1FA05}.AppStore|iPhoneSimulator.Build.0 = Release|Any CPU
		{BFB29FFD-1487-4EF1-B56E-751D40A1FA05}.AppStore|iPhoneSimulator.Deploy.0 = Release|Any CPU
		{BFB29FFD-1487-4EF1-B56E-751D40A1FA05}.Debug|Any CPU.ActiveCfg = Debug|Any CPU
		{BFB29FFD-1487-4EF1-B56E-751D40A1FA05}.Debug|Any CPU.Build.0 = Debug|Any CPU
		{BFB29FFD-1487-4EF1-B56E-751D40A1FA05}.Debug|Any CPU.Deploy.0 = Debug|Any CPU
		{BFB29FFD-1487-4EF1-B56E-751D40A1FA05}.Debug|iPhone.ActiveCfg = Debug|Any CPU
		{BFB29FFD-1487-4EF1-B56E-751D40A1FA05}.Debug|iPhone.Build.0 = Debug|Any CPU
		{BFB29FFD-1487-4EF1-B56E-751D40A1FA05}.Debug|iPhone.Deploy.0 = Debug|Any CPU
		{BFB29FFD-1487-4EF1-B56E-751D40A1FA05}.Debug|iPhoneSimulator.ActiveCfg = Debug|Any CPU
		{BFB29FFD-1487-4EF1-B56E-751D40A1FA05}.Debug|iPhoneSimulator.Build.0 = Debug|Any CPU
		{BFB29FFD-1487-4EF1-B56E-751D40A1FA05}.Debug|iPhoneSimulator.Deploy.0 = Debug|Any CPU
		{BFB29FFD-1487-4EF1-B56E-751D40A1FA05}.Release|Any CPU.ActiveCfg = Release|Any CPU
		{BFB29FFD-1487-4EF1-B56E-751D40A1FA05}.Release|Any CPU.Build.0 = Release|Any CPU
		{BFB29FFD-1487-4EF1-B56E-751D40A1FA05}.Release|Any CPU.Deploy.0 = Release|Any CPU
		{BFB29FFD-1487-4EF1-B56E-751D40A1FA05}.Release|iPhone.ActiveCfg = Release|Any CPU
		{BFB29FFD-1487-4EF1-B56E-751D40A1FA05}.Release|iPhone.Build.0 = Release|Any CPU
		{BFB29FFD-1487-4EF1-B56E-751D40A1FA05}.Release|iPhone.Deploy.0 = Release|Any CPU
		{BFB29FFD-1487-4EF1-B56E-751D40A1FA05}.Release|iPhoneSimulator.ActiveCfg = Release|Any CPU
		{BFB29FFD-1487-4EF1-B56E-751D40A1FA05}.Release|iPhoneSimulator.Build.0 = Release|Any CPU
		{BFB29FFD-1487-4EF1-B56E-751D40A1FA05}.Release|iPhoneSimulator.Deploy.0 = Release|Any CPU
		{6F883A58-E53E-44FF-A1DE-5051DAFA438E}.Ad-Hoc|Any CPU.ActiveCfg = Ad-Hoc|iPhone
		{6F883A58-E53E-44FF-A1DE-5051DAFA438E}.Ad-Hoc|iPhone.ActiveCfg = Ad-Hoc|iPhone
		{6F883A58-E53E-44FF-A1DE-5051DAFA438E}.Ad-Hoc|iPhone.Build.0 = Ad-Hoc|iPhone
		{6F883A58-E53E-44FF-A1DE-5051DAFA438E}.Ad-Hoc|iPhoneSimulator.ActiveCfg = Ad-Hoc|iPhoneSimulator
		{6F883A58-E53E-44FF-A1DE-5051DAFA438E}.Ad-Hoc|iPhoneSimulator.Build.0 = Ad-Hoc|iPhoneSimulator
		{6F883A58-E53E-44FF-A1DE-5051DAFA438E}.AppStore|Any CPU.ActiveCfg = AppStore|iPhone
		{6F883A58-E53E-44FF-A1DE-5051DAFA438E}.AppStore|iPhone.ActiveCfg = AppStore|iPhone
		{6F883A58-E53E-44FF-A1DE-5051DAFA438E}.AppStore|iPhone.Build.0 = AppStore|iPhone
		{6F883A58-E53E-44FF-A1DE-5051DAFA438E}.AppStore|iPhoneSimulator.ActiveCfg = AppStore|iPhoneSimulator
		{6F883A58-E53E-44FF-A1DE-5051DAFA438E}.AppStore|iPhoneSimulator.Build.0 = AppStore|iPhoneSimulator
		{6F883A58-E53E-44FF-A1DE-5051DAFA438E}.Debug|Any CPU.ActiveCfg = Debug|iPhone
		{6F883A58-E53E-44FF-A1DE-5051DAFA438E}.Debug|iPhone.ActiveCfg = Debug|iPhone
		{6F883A58-E53E-44FF-A1DE-5051DAFA438E}.Debug|iPhone.Build.0 = Debug|iPhone
		{6F883A58-E53E-44FF-A1DE-5051DAFA438E}.Debug|iPhoneSimulator.ActiveCfg = Debug|iPhoneSimulator
		{6F883A58-E53E-44FF-A1DE-5051DAFA438E}.Debug|iPhoneSimulator.Build.0 = Debug|iPhoneSimulator
		{6F883A58-E53E-44FF-A1DE-5051DAFA438E}.Release|Any CPU.ActiveCfg = Release|iPhone
		{6F883A58-E53E-44FF-A1DE-5051DAFA438E}.Release|iPhone.ActiveCfg = Release|iPhone
		{6F883A58-E53E-44FF-A1DE-5051DAFA438E}.Release|iPhone.Build.0 = Release|iPhone
		{6F883A58-E53E-44FF-A1DE-5051DAFA438E}.Release|iPhoneSimulator.ActiveCfg = Release|iPhoneSimulator
		{6F883A58-E53E-44FF-A1DE-5051DAFA438E}.Release|iPhoneSimulator.Build.0 = Release|iPhoneSimulator
		{F4DA1753-0BDF-44D8-BBA6-C44B963836AA}.Ad-Hoc|Any CPU.ActiveCfg = Debug|Any CPU
		{F4DA1753-0BDF-44D8-BBA6-C44B963836AA}.Ad-Hoc|Any CPU.Build.0 = Debug|Any CPU
		{F4DA1753-0BDF-44D8-BBA6-C44B963836AA}.Ad-Hoc|iPhone.ActiveCfg = Debug|Any CPU
		{F4DA1753-0BDF-44D8-BBA6-C44B963836AA}.Ad-Hoc|iPhone.Build.0 = Debug|Any CPU
		{F4DA1753-0BDF-44D8-BBA6-C44B963836AA}.Ad-Hoc|iPhoneSimulator.ActiveCfg = Debug|Any CPU
		{F4DA1753-0BDF-44D8-BBA6-C44B963836AA}.Ad-Hoc|iPhoneSimulator.Build.0 = Debug|Any CPU
		{F4DA1753-0BDF-44D8-BBA6-C44B963836AA}.AppStore|Any CPU.ActiveCfg = Debug|Any CPU
		{F4DA1753-0BDF-44D8-BBA6-C44B963836AA}.AppStore|Any CPU.Build.0 = Debug|Any CPU
		{F4DA1753-0BDF-44D8-BBA6-C44B963836AA}.AppStore|iPhone.ActiveCfg = Debug|Any CPU
		{F4DA1753-0BDF-44D8-BBA6-C44B963836AA}.AppStore|iPhone.Build.0 = Debug|Any CPU
		{F4DA1753-0BDF-44D8-BBA6-C44B963836AA}.AppStore|iPhoneSimulator.ActiveCfg = Debug|Any CPU
		{F4DA1753-0BDF-44D8-BBA6-C44B963836AA}.AppStore|iPhoneSimulator.Build.0 = Debug|Any CPU
		{F4DA1753-0BDF-44D8-BBA6-C44B963836AA}.Debug|Any CPU.ActiveCfg = Debug|Any CPU
		{F4DA1753-0BDF-44D8-BBA6-C44B963836AA}.Debug|Any CPU.Build.0 = Debug|Any CPU
		{F4DA1753-0BDF-44D8-BBA6-C44B963836AA}.Debug|iPhone.ActiveCfg = Debug|Any CPU
		{F4DA1753-0BDF-44D8-BBA6-C44B963836AA}.Debug|iPhone.Build.0 = Debug|Any CPU
		{F4DA1753-0BDF-44D8-BBA6-C44B963836AA}.Debug|iPhoneSimulator.ActiveCfg = Debug|Any CPU
		{F4DA1753-0BDF-44D8-BBA6-C44B963836AA}.Debug|iPhoneSimulator.Build.0 = Debug|Any CPU
		{F4DA1753-0BDF-44D8-BBA6-C44B963836AA}.Release|Any CPU.ActiveCfg = Release|Any CPU
		{F4DA1753-0BDF-44D8-BBA6-C44B963836AA}.Release|Any CPU.Build.0 = Release|Any CPU
		{F4DA1753-0BDF-44D8-BBA6-C44B963836AA}.Release|iPhone.ActiveCfg = Release|Any CPU
		{F4DA1753-0BDF-44D8-BBA6-C44B963836AA}.Release|iPhone.Build.0 = Release|Any CPU
		{F4DA1753-0BDF-44D8-BBA6-C44B963836AA}.Release|iPhoneSimulator.ActiveCfg = Release|Any CPU
		{F4DA1753-0BDF-44D8-BBA6-C44B963836AA}.Release|iPhoneSimulator.Build.0 = Release|Any CPU
		{480A7DEE-2416-4ECC-8A91-036B6A4CD687}.Ad-Hoc|Any CPU.ActiveCfg = Release|Any CPU
		{480A7DEE-2416-4ECC-8A91-036B6A4CD687}.Ad-Hoc|Any CPU.Build.0 = Release|Any CPU
		{480A7DEE-2416-4ECC-8A91-036B6A4CD687}.Ad-Hoc|iPhone.ActiveCfg = Release|Any CPU
		{480A7DEE-2416-4ECC-8A91-036B6A4CD687}.Ad-Hoc|iPhone.Build.0 = Release|Any CPU
		{480A7DEE-2416-4ECC-8A91-036B6A4CD687}.Ad-Hoc|iPhoneSimulator.ActiveCfg = Release|Any CPU
		{480A7DEE-2416-4ECC-8A91-036B6A4CD687}.Ad-Hoc|iPhoneSimulator.Build.0 = Release|Any CPU
		{480A7DEE-2416-4ECC-8A91-036B6A4CD687}.AppStore|Any CPU.ActiveCfg = Release|Any CPU
		{480A7DEE-2416-4ECC-8A91-036B6A4CD687}.AppStore|Any CPU.Build.0 = Release|Any CPU
		{480A7DEE-2416-4ECC-8A91-036B6A4CD687}.AppStore|iPhone.ActiveCfg = Release|Any CPU
		{480A7DEE-2416-4ECC-8A91-036B6A4CD687}.AppStore|iPhone.Build.0 = Release|Any CPU
		{480A7DEE-2416-4ECC-8A91-036B6A4CD687}.AppStore|iPhoneSimulator.ActiveCfg = Release|Any CPU
		{480A7DEE-2416-4ECC-8A91-036B6A4CD687}.AppStore|iPhoneSimulator.Build.0 = Release|Any CPU
		{480A7DEE-2416-4ECC-8A91-036B6A4CD687}.Debug|Any CPU.ActiveCfg = Debug|Any CPU
		{480A7DEE-2416-4ECC-8A91-036B6A4CD687}.Debug|Any CPU.Build.0 = Debug|Any CPU
		{480A7DEE-2416-4ECC-8A91-036B6A4CD687}.Debug|iPhone.ActiveCfg = Debug|Any CPU
		{480A7DEE-2416-4ECC-8A91-036B6A4CD687}.Debug|iPhone.Build.0 = Debug|Any CPU
		{480A7DEE-2416-4ECC-8A91-036B6A4CD687}.Debug|iPhoneSimulator.ActiveCfg = Debug|Any CPU
		{480A7DEE-2416-4ECC-8A91-036B6A4CD687}.Debug|iPhoneSimulator.Build.0 = Debug|Any CPU
		{480A7DEE-2416-4ECC-8A91-036B6A4CD687}.Release|Any CPU.ActiveCfg = Release|Any CPU
		{480A7DEE-2416-4ECC-8A91-036B6A4CD687}.Release|Any CPU.Build.0 = Release|Any CPU
		{480A7DEE-2416-4ECC-8A91-036B6A4CD687}.Release|iPhone.ActiveCfg = Release|Any CPU
		{480A7DEE-2416-4ECC-8A91-036B6A4CD687}.Release|iPhone.Build.0 = Release|Any CPU
		{480A7DEE-2416-4ECC-8A91-036B6A4CD687}.Release|iPhoneSimulator.ActiveCfg = Release|Any CPU
		{480A7DEE-2416-4ECC-8A91-036B6A4CD687}.Release|iPhoneSimulator.Build.0 = Release|Any CPU
		{41E4EB43-3B68-4534-8A8F-5E5506512BEE}.Ad-Hoc|Any CPU.ActiveCfg = Release|Any CPU
		{41E4EB43-3B68-4534-8A8F-5E5506512BEE}.Ad-Hoc|Any CPU.Build.0 = Release|Any CPU
		{41E4EB43-3B68-4534-8A8F-5E5506512BEE}.Ad-Hoc|iPhone.ActiveCfg = Release|Any CPU
		{41E4EB43-3B68-4534-8A8F-5E5506512BEE}.Ad-Hoc|iPhone.Build.0 = Release|Any CPU
		{41E4EB43-3B68-4534-8A8F-5E5506512BEE}.Ad-Hoc|iPhoneSimulator.ActiveCfg = Release|Any CPU
		{41E4EB43-3B68-4534-8A8F-5E5506512BEE}.Ad-Hoc|iPhoneSimulator.Build.0 = Release|Any CPU
		{41E4EB43-3B68-4534-8A8F-5E5506512BEE}.AppStore|Any CPU.ActiveCfg = Release|Any CPU
		{41E4EB43-3B68-4534-8A8F-5E5506512BEE}.AppStore|Any CPU.Build.0 = Release|Any CPU
		{41E4EB43-3B68-4534-8A8F-5E5506512BEE}.AppStore|iPhone.ActiveCfg = Release|Any CPU
		{41E4EB43-3B68-4534-8A8F-5E5506512BEE}.AppStore|iPhone.Build.0 = Release|Any CPU
		{41E4EB43-3B68-4534-8A8F-5E5506512BEE}.AppStore|iPhoneSimulator.ActiveCfg = Release|Any CPU
		{41E4EB43-3B68-4534-8A8F-5E5506512BEE}.AppStore|iPhoneSimulator.Build.0 = Release|Any CPU
		{41E4EB43-3B68-4534-8A8F-5E5506512BEE}.Debug|Any CPU.ActiveCfg = Debug|Any CPU
		{41E4EB43-3B68-4534-8A8F-5E5506512BEE}.Debug|Any CPU.Build.0 = Debug|Any CPU
		{41E4EB43-3B68-4534-8A8F-5E5506512BEE}.Debug|iPhone.ActiveCfg = Debug|Any CPU
		{41E4EB43-3B68-4534-8A8F-5E5506512BEE}.Debug|iPhone.Build.0 = Debug|Any CPU
		{41E4EB43-3B68-4534-8A8F-5E5506512BEE}.Debug|iPhoneSimulator.ActiveCfg = Debug|Any CPU
		{41E4EB43-3B68-4534-8A8F-5E5506512BEE}.Debug|iPhoneSimulator.Build.0 = Debug|Any CPU
		{41E4EB43-3B68-4534-8A8F-5E5506512BEE}.Release|Any CPU.ActiveCfg = Release|Any CPU
		{41E4EB43-3B68-4534-8A8F-5E5506512BEE}.Release|Any CPU.Build.0 = Release|Any CPU
		{41E4EB43-3B68-4534-8A8F-5E5506512BEE}.Release|iPhone.ActiveCfg = Release|Any CPU
		{41E4EB43-3B68-4534-8A8F-5E5506512BEE}.Release|iPhone.Build.0 = Release|Any CPU
		{41E4EB43-3B68-4534-8A8F-5E5506512BEE}.Release|iPhoneSimulator.ActiveCfg = Release|Any CPU
		{41E4EB43-3B68-4534-8A8F-5E5506512BEE}.Release|iPhoneSimulator.Build.0 = Release|Any CPU
	EndGlobalSection
	GlobalSection(SolutionProperties) = preSolution
		HideSolutionNode = FALSE
	EndGlobalSection
	GlobalSection(ExtensibilityGlobals) = postSolution
		SolutionGuid = {FB6DD34F-1A47-436F-827C-77692F987374}
	EndGlobalSection
EndGlobal
