
Microsoft Visual Studio Solution File, Format Version 12.00
# Visual Studio 15
VisualStudioVersion = 15.0.27130.2010
MinimumVisualStudioVersion = 10.0.40219.1
Project("{FAE04EC0-301F-11D3-BF4B-00C04F79EFBC}") = "App4", "App4\App4.csproj", "{DAC5FFA2-2F10-4086-A9D5-AC1556F957FD}"
EndProject
Project("{FAE04EC0-301F-11D3-BF4B-00C04F79EFBC}") = "Core.Service.Communication", "Core.Service.Communication\Core.Service.Communication.csproj", "{41E4EB43-3B68-4534-8A8F-5E5506512BEE}"
EndProject
Global
	GlobalSection(SolutionConfigurationPlatforms) = preSolution
		Debug|Any CPU = Debug|Any CPU
		Release|Any CPU = Release|Any CPU
	EndGlobalSection
	GlobalSection(ProjectConfigurationPlatforms) = postSolution
		{DAC5FFA2-2F10-4086-A9D5-AC1556F957FD}.Debug|Any CPU.ActiveCfg = Debug|Any CPU
		{DAC5FFA2-2F10-4086-A9D5-AC1556F957FD}.Debug|Any CPU.Build.0 = Debug|Any CPU
		{DAC5FFA2-2F10-4086-A9D5-AC1556F957FD}.Debug|Any CPU.Deploy.0 = Debug|Any CPU
		{DAC5FFA2-2F10-4086-A9D5-AC1556F957FD}.Release|Any CPU.ActiveCfg = Release|Any CPU
		{DAC5FFA2-2F10-4086-A9D5-AC1556F957FD}.Release|Any CPU.Build.0 = Release|Any CPU
		{DAC5FFA2-2F10-4086-A9D5-AC1556F957FD}.Release|Any CPU.Deploy.0 = Release|Any CPU
		{41E4EB43-3B68-4534-8A8F-5E5506512BEE}.Debug|Any CPU.ActiveCfg = Debug|Any CPU
		{41E4EB43-3B68-4534-8A8F-5E5506512BEE}.Debug|Any CPU.Build.0 = Debug|Any CPU
		{41E4EB43-3B68-4534-8A8F-5E5506512BEE}.Release|Any CPU.ActiveCfg = Release|Any CPU
		{41E4EB43-3B68-4534-8A8F-5E5506512BEE}.Release|Any CPU.Build.0 = Release|Any CPU
	EndGlobalSection
	GlobalSection(SolutionProperties) = preSolution
		HideSolutionNode = FALSE
	EndGlobalSection
	GlobalSection(ExtensibilityGlobals) = postSolution
		SolutionGuid = {0BB9B43B-11A6-4819-B11A-969690657611}
	EndGlobalSection
EndGlobal
